
Microsoft Visual Studio Solution File, Format Version 12.00
# Visual Studio Version 16
VisualStudioVersion = 16.0.30717.126
MinimumVisualStudioVersion = 10.0.40219.1
Project("{8BC9CEB8-8B4A-11D0-8D11-00A0C91BC942}") = "C++实现优先队列的数据结构", "C++实现优先队列的数据结构\C++实现优先队列的数据结构.vcxproj", "{6E08D31C-7B21-47EE-876D-86DB9AF9920A}"
EndProject
Global
	GlobalSection(SolutionConfigurationPlatforms) = preSolution
		Debug|x64 = Debug|x64
		Debug|x86 = Debug|x86
		Release|x64 = Release|x64
		Release|x86 = Release|x86
	EndGlobalSection
	GlobalSection(ProjectConfigurationPlatforms) = postSolution
		{6E08D31C-7B21-47EE-876D-86DB9AF9920A}.Debug|x64.ActiveCfg = Debug|x64
		{6E08D31C-7B21-47EE-876D-86DB9AF9920A}.Debug|x64.Build.0 = Debug|x64
		{6E08D31C-7B21-47EE-876D-86DB9AF9920A}.Debug|x86.ActiveCfg = Debug|Win32
		{6E08D31C-7B21-47EE-876D-86DB9AF9920A}.Debug|x86.Build.0 = Debug|Win32
		{6E08D31C-7B21-47EE-876D-86DB9AF9920A}.Release|x64.ActiveCfg = Release|x64
		{6E08D31C-7B21-47EE-876D-86DB9AF9920A}.Release|x64.Build.0 = Release|x64
		{6E08D31C-7B21-47EE-876D-86DB9AF9920A}.Release|x86.ActiveCfg = Release|Win32
		{6E08D31C-7B21-47EE-876D-86DB9AF9920A}.Release|x86.Build.0 = Release|Win32
	EndGlobalSection
	GlobalSection(SolutionProperties) = preSolution
		HideSolutionNode = FALSE
	EndGlobalSection
	GlobalSection(ExtensibilityGlobals) = postSolution
		SolutionGuid = {BEB81B67-F1E4-4828-8052-04283FE1A025}
	EndGlobalSection
EndGlobal
