
Microsoft Visual Studio Solution File, Format Version 12.00
# Visual Studio Version 16
VisualStudioVersion = 16.0.31702.278
MinimumVisualStudioVersion = 10.0.40219.1
Project("{8BC9CEB8-8B4A-11D0-8D11-00A0C91BC942}") = "蓝桥杯_代码调试", "蓝桥杯_代码调试\蓝桥杯_代码调试.vcxproj", "{A2AFBCB4-BAA9-4605-818E-A2E1B0415E18}"
EndProject
Global
	GlobalSection(SolutionConfigurationPlatforms) = preSolution
		Debug|x64 = Debug|x64
		Debug|x86 = Debug|x86
		Release|x64 = Release|x64
		Release|x86 = Release|x86
	EndGlobalSection
	GlobalSection(ProjectConfigurationPlatforms) = postSolution
		{A2AFBCB4-BAA9-4605-818E-A2E1B0415E18}.Debug|x64.ActiveCfg = Debug|x64
		{A2AFBCB4-BAA9-4605-818E-A2E1B0415E18}.Debug|x64.Build.0 = Debug|x64
		{A2AFBCB4-BAA9-4605-818E-A2E1B0415E18}.Debug|x86.ActiveCfg = Debug|Win32
		{A2AFBCB4-BAA9-4605-818E-A2E1B0415E18}.Debug|x86.Build.0 = Debug|Win32
		{A2AFBCB4-BAA9-4605-818E-A2E1B0415E18}.Release|x64.ActiveCfg = Release|x64
		{A2AFBCB4-BAA9-4605-818E-A2E1B0415E18}.Release|x64.Build.0 = Release|x64
		{A2AFBCB4-BAA9-4605-818E-A2E1B0415E18}.Release|x86.ActiveCfg = Release|Win32
		{A2AFBCB4-BAA9-4605-818E-A2E1B0415E18}.Release|x86.Build.0 = Release|Win32
	EndGlobalSection
	GlobalSection(SolutionProperties) = preSolution
		HideSolutionNode = FALSE
	EndGlobalSection
	GlobalSection(ExtensibilityGlobals) = postSolution
		SolutionGuid = {79C2DA9F-6655-405C-8D77-38516103C390}
	EndGlobalSection
EndGlobal
